dependencies:
- name: opentelemetry-kube-stack
  repository: https://tsuga-dev.github.io/helm-charts
  version: 0.2.15
- name: tsuga-spicy-gremlin
  repository: https://tsuga-dev.github.io/helm-charts
  version: 0.1.2
- name: opentelemetry-demo
  repository: https://open-telemetry.github.io/opentelemetry-helm-charts
  version: 0.40.0
digest: sha256:4798e6debf6111cf515af8ea0ac02b588bdfb106b595b69af46e81467346427d
generated: "2026-02-16T09:32:45.287366+01:00"
