dependencies:
- name: opentelemetry-kube-stack
  repository: https://tsuga-dev.github.io/helm-charts
  version: 0.7.0
- name: tsuga-spicy-gremlin
  repository: https://tsuga-dev.github.io/helm-charts
  version: 0.1.2
- name: opentelemetry-demo
  repository: https://open-telemetry.github.io/opentelemetry-helm-charts
  version: 0.40.0
digest: sha256:25712e83a3619c35aeb60141c8b9f4a07fe7290040ae515c7f640fc149d530d3
generated: "2026-06-05T14:48:27.097632+02:00"
