dependencies:
- name: otel-crds
  repository: ""
  version: 0.0.0
- name: opentelemetry-operator
  repository: https://open-telemetry.github.io/opentelemetry-helm-charts
  version: 0.105.1
digest: sha256:1387ca16bb72591a5e489328cde9eb77b7bfb4a9239e318e755388f5efcbf332
generated: "2026-02-17T10:11:47.577216+01:00"
